Microsoft Visual Studio Solution File, Format Version 12.00
# Visual Studio Version 17
VisualStudioVersion = 17.5.2.0
MinimumVisualStudioVersion = 10.0.40219.1
Project("{FAE04EC0-301F-11D3-BF4B-00C04F79EFBC}") = "143-Reorder-List", "143-Reorder-List.csproj", "{050DFF32-200B-FE6F-5828-E1DDB55A22D5}"
EndProject
Global
	GlobalSection(SolutionConfigurationPlatforms) = preSolution
		Debug|Any CPU = Debug|Any CPU
		Release|Any CPU = Release|Any CPU
	EndGlobalSection
	GlobalSection(ProjectConfigurationPlatforms) = postSolution
		{050DFF32-200B-FE6F-5828-E1DDB55A22D5}.Debug|Any CPU.ActiveCfg = Debug|Any CPU
		{050DFF32-200B-FE6F-5828-E1DDB55A22D5}.Debug|Any CPU.Build.0 = Debug|Any CPU
		{050DFF32-200B-FE6F-5828-E1DDB55A22D5}.Release|Any CPU.ActiveCfg = Release|Any CPU
		{050DFF32-200B-FE6F-5828-E1DDB55A22D5}.Release|Any CPU.Build.0 = Release|Any CPU
	EndGlobalSection
	GlobalSection(SolutionProperties) = preSolution
		HideSolutionNode = FALSE
	EndGlobalSection
	GlobalSection(ExtensibilityGlobals) = postSolution
		SolutionGuid = {164F699C-E9A5-457B-8AC5-62E56B9FE00C}
	EndGlobalSection
EndGlobal
